{
  "version": 4,
  "terraform_version": "1.5.7",
  "serial": 11,
  "lineage": "d89f0fe4-8d2a-e49e-315f-5770108895f9",
  "outputs": {
    "resolver_log_bucket": {
      "value": "resolver-query-logs-20250513181124788700000003",
      "type": "string"
    },
    "resolver_log_config_id": {
      "value": "rqlc-ceb57b1765044c85",
      "type": "string"
    },
    "vpc_with_resolver_logging_id": {
      "value": "vpc-0503a8b9ddbb3a5c5",
      "type": "string"
    },
    "vpc_without_resolver_logging_id": {
      "value": "vpc-029d7b65096a4717d",
      "type": "string"
    }
  },
  "resources": [
    {
      "mode": "data",
      "type": "aws_vpc",
      "name": "flow_log_vpc",
      "provider": "provider[\"registry.terraform.io/hashicorp/aws\"]",
      "instances": [
        {
          "schema_version": 0,
          "attributes": {
            "arn": "arn:aws:ec2:us-east-1:644160558196:vpc/vpc-0503a8b9ddbb3a5c5",
            "cidr_block": "10.0.0.0/16",
            "cidr_block_associations": [
              {
                "association_id": "vpc-cidr-assoc-00f6ac427cf5981b3",
                "cidr_block": "10.0.0.0/16",
                "state": "associated"
              }
            ],
            "default": false,
            "dhcp_options_id": "dopt-24ff1940",
            "enable_dns_hostnames": true,
            "enable_dns_support": true,
            "enable_network_address_usage_metrics": false,
            "filter": null,
            "id": "vpc-0503a8b9ddbb3a5c5",
            "instance_tenancy": "default",
            "ipv6_association_id": "",
            "ipv6_cidr_block": "",
            "main_route_table_id": "rtb-0e0e2f980f23fa2b8",
            "owner_id": "644160558196",
            "state": null,
            "tags": {
              "Description": "Created for ECS cluster c7n-test-cluster",
              "Name": "ECS c7n-test-cluster - VPC"
            },
            "timeouts": null
          },
          "sensitive_attributes": []
        }
      ]
    },
    {
      "mode": "data",
      "type": "aws_vpc",
      "name": "no_flow_log_vpc",
      "provider": "provider[\"registry.terraform.io/hashicorp/aws\"]",
      "instances": [
        {
          "schema_version": 0,
          "attributes": {
            "arn": "arn:aws:ec2:us-east-1:644160558196:vpc/vpc-029d7b65096a4717d",
            "cidr_block": "10.0.0.0/24",
            "cidr_block_associations": [
              {
                "association_id": "vpc-cidr-assoc-03505ef1c125b5edf",
                "cidr_block": "10.0.0.0/24",
                "state": "associated"
              }
            ],
            "default": false,
            "dhcp_options_id": "dopt-24ff1940",
            "enable_dns_hostnames": false,
            "enable_dns_support": true,
            "enable_network_address_usage_metrics": false,
            "filter": null,
            "id": "vpc-029d7b65096a4717d",
            "instance_tenancy": "default",
            "ipv6_association_id": "",
            "ipv6_cidr_block": "",
            "main_route_table_id": "rtb-0e0d8a8d96778fd2e",
            "owner_id": "644160558196",
            "state": null,
            "tags": {
              "Name": "policy-test-vpc"
            },
            "timeouts": null
          },
          "sensitive_attributes": []
        }
      ]
    },
    {
      "mode": "managed",
      "type": "aws_cloudwatch_log_group",
      "name": "example",
      "provider": "provider[\"registry.terraform.io/hashicorp/aws\"]",
      "instances": [
        {
          "schema_version": 0,
          "attributes": {
            "arn": "arn:aws:logs:us-east-1:644160558196:log-group:vpc-flow-logs-test",
            "id": "vpc-flow-logs-test",
            "kms_key_id": "",
            "log_group_class": "STANDARD",
            "name": "vpc-flow-logs-test",
            "name_prefix": "",
            "retention_in_days": 0,
            "skip_destroy": false,
            "tags": {},
            "tags_all": {}
          },
          "sensitive_attributes": [],
          "private": "bnVsbA=="
        }
      ]
    },
    {
      "mode": "managed",
      "type": "aws_flow_log",
      "name": "example",
      "provider": "provider[\"registry.terraform.io/hashicorp/aws\"]",
      "instances": [
        {
          "schema_version": 0,
          "attributes": {
            "arn": "arn:aws:ec2:us-east-1:644160558196:vpc-flow-log/fl-03157c779780efa32",
            "deliver_cross_account_role": "",
            "destination_options": [],
            "eni_id": null,
            "iam_role_arn": "arn:aws:iam::644160558196:role/flow-logs-role-20250513181124785000000001",
            "id": "fl-03157c779780efa32",
            "log_destination": "arn:aws:logs:us-east-1:644160558196:log-group:vpc-flow-logs-test",
            "log_destination_type": "cloud-watch-logs",
            "log_format": "${version} ${account-id} ${interface-id} ${srcaddr} ${dstaddr} ${srcport} ${dstport} ${protocol} ${packets} ${bytes} ${start} ${end} ${action} ${log-status}",
            "log_group_name": "vpc-flow-logs-test",
            "max_aggregation_interval": 600,
            "subnet_id": null,
            "tags": {},
            "tags_all": {},
            "traffic_type": "ALL",
            "transit_gateway_attachment_id": null,
            "transit_gateway_id": null,
            "vpc_id": "vpc-0503a8b9ddbb3a5c5"
          },
          "sensitive_attributes": [],
          "private": "bnVsbA==",
          "dependencies": [
            "aws_cloudwatch_log_group.example",
            "aws_iam_role.flow_log_role",
            "data.aws_vpc.flow_log_vpc"
          ]
        }
      ]
    },
    {
      "mode": "managed",
      "type": "aws_iam_role",
      "name": "flow_log_role",
      "provider": "provider[\"registry.terraform.io/hashicorp/aws\"]",
      "instances": [
        {
          "schema_version": 0,
          "attributes": {
            "arn": "arn:aws:iam::644160558196:role/flow-logs-role-20250513181124785000000001",
            "assume_role_policy": "{\"Statement\":[{\"Action\":\"sts:AssumeRole\",\"Effect\":\"Allow\",\"Principal\":{\"Service\":\"vpc-flow-logs.amazonaws.com\"},\"Sid\":\"\"}],\"Version\":\"2012-10-17\"}",
            "create_date": "2025-05-13T18:11:24Z",
            "description": "",
            "force_detach_policies": false,
            "id": "flow-logs-role-20250513181124785000000001",
            "inline_policy": [
              {
                "name": "flow-logs-policy-20250513181125079400000004",
                "policy": "{\"Version\":\"2012-10-17\",\"Statement\":[{\"Action\":[\"logs:CreateLogGroup\",\"logs:CreateLogStream\",\"logs:PutLogEvents\",\"logs:DescribeLogGroups\",\"logs:DescribeLogStreams\"],\"Effect\":\"Allow\",\"Resource\":\"*\"}]}"
              }
            ],
            "managed_policy_arns": [],
            "max_session_duration": 3600,
            "name": "flow-logs-role-20250513181124785000000001",
            "name_prefix": "flow-logs-role-",
            "path": "/",
            "permissions_boundary": "",
            "tags": {},
            "tags_all": {},
            "unique_id": "AROAZL6XWCR2KMH54P5XX"
          },
          "sensitive_attributes": [],
          "private": "bnVsbA=="
        }
      ]
    },
    {
      "mode": "managed",
      "type": "aws_iam_role",
      "name": "resolver_logs_role",
      "provider": "provider[\"registry.terraform.io/hashicorp/aws\"]",
      "instances": [
        {
          "schema_version": 0,
          "attributes": {
            "arn": "arn:aws:iam::644160558196:role/resolver-logs-20250513181124785000000002",
            "assume_role_policy": "{\"Statement\":[{\"Action\":\"sts:AssumeRole\",\"Effect\":\"Allow\",\"Principal\":{\"Service\":\"route53resolver.amazonaws.com\"}}],\"Version\":\"2012-10-17\"}",
            "create_date": "2025-05-13T18:11:24Z",
            "description": "",
            "force_detach_policies": false,
            "id": "resolver-logs-20250513181124785000000002",
            "inline_policy": [
              {
                "name": "terraform-20250513181125339800000006",
                "policy": "{\"Version\":\"2012-10-17\",\"Statement\":[{\"Action\":[\"s3:PutObject\"],\"Effect\":\"Allow\",\"Resource\":\"arn:aws:s3:::resolver-query-logs-20250513181124788700000003/*\"}]}"
              }
            ],
            "managed_policy_arns": [],
            "max_session_duration": 3600,
            "name": "resolver-logs-20250513181124785000000002",
            "name_prefix": "resolver-logs-",
            "path": "/",
            "permissions_boundary": "",
            "tags": {},
            "tags_all": {},
            "unique_id": "AROAZL6XWCR2P4R4YSWGL"
          },
          "sensitive_attributes": [],
          "private": "bnVsbA=="
        }
      ]
    },
    {
      "mode": "managed",
      "type": "aws_iam_role_policy",
      "name": "flow_logs_policy",
      "provider": "provider[\"registry.terraform.io/hashicorp/aws\"]",
      "instances": [
        {
          "schema_version": 0,
          "attributes": {
            "id": "flow-logs-role-20250513181124785000000001:flow-logs-policy-20250513181125079400000004",
            "name": "flow-logs-policy-20250513181125079400000004",
            "name_prefix": "flow-logs-policy-",
            "policy": "{\"Version\":\"2012-10-17\",\"Statement\":[{\"Action\":[\"logs:CreateLogGroup\",\"logs:CreateLogStream\",\"logs:PutLogEvents\",\"logs:DescribeLogGroups\",\"logs:DescribeLogStreams\"],\"Effect\":\"Allow\",\"Resource\":\"*\"}]}",
            "role": "flow-logs-role-20250513181124785000000001"
          },
          "sensitive_attributes": [],
          "private": "bnVsbA==",
          "dependencies": [
            "aws_iam_role.flow_log_role"
          ]
        }
      ]
    },
    {
      "mode": "managed",
      "type": "aws_iam_role_policy",
      "name": "resolver_logs_policy",
      "provider": "provider[\"registry.terraform.io/hashicorp/aws\"]",
      "instances": [
        {
          "schema_version": 0,
          "attributes": {
            "id": "resolver-logs-20250513181124785000000002:terraform-20250513181125339800000006",
            "name": "terraform-20250513181125339800000006",
            "name_prefix": "terraform-",
            "policy": "{\"Version\":\"2012-10-17\",\"Statement\":[{\"Action\":[\"s3:PutObject\"],\"Effect\":\"Allow\",\"Resource\":\"arn:aws:s3:::resolver-query-logs-20250513181124788700000003/*\"}]}",
            "role": "resolver-logs-20250513181124785000000002"
          },
          "sensitive_attributes": [],
          "private": "bnVsbA==",
          "dependencies": [
            "aws_iam_role.resolver_logs_role",
            "aws_s3_bucket.resolver_logs"
          ]
        }
      ]
    },
    {
      "mode": "managed",
      "type": "aws_route53_resolver_query_log_config",
      "name": "test",
      "provider": "provider[\"registry.terraform.io/hashicorp/aws\"]",
      "instances": [
        {
          "schema_version": 0,
          "attributes": {
            "arn": "arn:aws:route53resolver:us-east-1:644160558196:resolver-query-log-config/rqlc-ceb57b1765044c85",
            "destination_arn": "arn:aws:s3:::resolver-query-logs-20250513181124788700000003",
            "id": "rqlc-ceb57b1765044c85",
            "name": "test-resolver-query-log-config",
            "owner_id": "644160558196",
            "share_status": "NOT_SHARED",
            "tags": {},
            "tags_all": {}
          },
          "sensitive_attributes": [],
          "private": "bnVsbA==",
          "dependencies": [
            "aws_s3_bucket.resolver_logs"
          ]
        }
      ]
    },
    {
      "mode": "managed",
      "type": "aws_route53_resolver_query_log_config_association",
      "name": "test",
      "provider": "provider[\"registry.terraform.io/hashicorp/aws\"]",
      "instances": [
        {
          "schema_version": 0,
          "attributes": {
            "id": "rqlca-2204474e25d248df",
            "resolver_query_log_config_id": "rqlc-ceb57b1765044c85",
            "resource_id": "vpc-0503a8b9ddbb3a5c5"
          },
          "sensitive_attributes": [],
          "private": "bnVsbA==",
          "dependencies": [
            "aws_route53_resolver_query_log_config.test",
            "aws_s3_bucket.resolver_logs",
            "data.aws_vpc.flow_log_vpc"
          ]
        }
      ]
    },
    {
      "mode": "managed",
      "type": "aws_s3_bucket",
      "name": "resolver_logs",
      "provider": "provider[\"registry.terraform.io/hashicorp/aws\"]",
      "instances": [
        {
          "schema_version": 0,
          "attributes": {
            "acceleration_status": "",
            "acl": null,
            "arn": "arn:aws:s3:::resolver-query-logs-20250513181124788700000003",
            "bucket": "resolver-query-logs-20250513181124788700000003",
            "bucket_domain_name": "resolver-query-logs-20250513181124788700000003.s3.amazonaws.com",
            "bucket_prefix": "resolver-query-logs-",
            "bucket_regional_domain_name": "resolver-query-logs-20250513181124788700000003.s3.us-east-1.amazonaws.com",
            "cors_rule": [],
            "force_destroy": true,
            "grant": [
              {
                "id": "e7c8bb65a5fc49cf906715eae09de9e4bb7861a96361ba79b833aa45f6833b15",
                "permissions": [
                  "FULL_CONTROL"
                ],
                "type": "CanonicalUser",
                "uri": ""
              }
            ],
            "hosted_zone_id": "Z3AQBSTGFYJSTF",
            "id": "resolver-query-logs-20250513181124788700000003",
            "lifecycle_rule": [],
            "logging": [],
            "object_lock_configuration": [],
            "object_lock_enabled": false,
            "policy": "{\"Id\":\"AWSLogDeliveryWrite20150319\",\"Statement\":[{\"Action\":\"s3:PutObject\",\"Condition\":{\"ArnLike\":{\"aws:SourceArn\":\"arn:aws:logs:us-east-1:644160558196:*\"},\"StringEquals\":{\"aws:SourceAccount\":\"644160558196\",\"s3:x-amz-acl\":\"bucket-owner-full-control\"}},\"Effect\":\"Allow\",\"Principal\":{\"Service\":\"delivery.logs.amazonaws.com\"},\"Resource\":\"arn:aws:s3:::resolver-query-logs-20250513181124788700000003/AWSLogs/644160558196/*\",\"Sid\":\"AWSLogDeliveryWrite\"},{\"Action\":\"s3:GetBucketAcl\",\"Condition\":{\"ArnLike\":{\"aws:SourceArn\":\"arn:aws:logs:us-east-1:644160558196:*\"},\"StringEquals\":{\"aws:SourceAccount\":\"644160558196\"}},\"Effect\":\"Allow\",\"Principal\":{\"Service\":\"delivery.logs.amazonaws.com\"},\"Resource\":\"arn:aws:s3:::resolver-query-logs-20250513181124788700000003\",\"Sid\":\"AWSLogDeliveryAclCheck\"}],\"Version\":\"2012-10-17\"}",
            "region": "us-east-1",
            "replication_configuration": [],
            "request_payer": "BucketOwner",
            "server_side_encryption_configuration": [
              {
                "rule": [
                  {
                    "apply_server_side_encryption_by_default": [
                      {
                        "kms_master_key_id": "",
                        "sse_algorithm": "AES256"
                      }
                    ],
                    "bucket_key_enabled": false
                  }
                ]
              }
            ],
            "tags": {},
            "tags_all": {},
            "timeouts": null,
            "versioning": [
              {
                "enabled": false,
                "mfa_delete": false
              }
            ],
            "website": [],
            "website_domain": null,
            "website_endpoint": null
          },
          "sensitive_attributes": [],
          "private": "eyJlMmJmYjczMC1lY2FhLTExZTYtOGY4OC0zNDM2M2JjN2M0YzAiOnsiY3JlYXRlIjoxMjAwMDAwMDAwMDAwLCJkZWxldGUiOjM2MDAwMDAwMDAwMDAsInJlYWQiOjEyMDAwMDAwMDAwMDAsInVwZGF0ZSI6MTIwMDAwMDAwMDAwMH19"
        }
      ]
    }
  ],
  "check_results": null
}
