[[package]]
name = "argcomplete"
version = "2.0.0"
description = "Bash tab completion for argparse"
category = "dev"
optional = false
python-versions = ">=3.6"

[package.dependencies]
importlib-metadata = {version = ">=0.23,<5", markers = "python_version == \"3.7\""}

[package.extras]
test = ["wheel", "pexpect", "flake8", "coverage"]

[[package]]
name = "atomicwrites"
version = "1.4.1"
description = "Atomic file writes."
category = "dev"
optional = false
python-versions = ">=2.7, !=3.0.*, !=3.1.*, !=3.2.*, !=3.3.*"

[[package]]
name = "attrs"
version = "22.1.0"
description = "Classes Without Boilerplate"
category = "dev"
optional = false
python-versions = ">=3.5"

[package.extras]
dev = ["coverage[toml] (>=5.0.2)", "hypothesis", "pympler", "pytest (>=4.3.0)", "mypy (>=0.900,!=0.940)", "pytest-mypy-plugins", "zope.interface", "furo", "sphinx", "sphinx-notfound-page", "pre-commit", "cloudpickle"]
docs = ["furo", "sphinx", "zope.interface", "sphinx-notfound-page"]
tests = ["coverage[toml] (>=5.0.2)", "hypothesis", "pympler", "pytest (>=4.3.0)", "mypy (>=0.900,!=0.940)", "pytest-mypy-plugins", "zope.interface", "cloudpickle"]
tests_no_zope = ["coverage[toml] (>=5.0.2)", "hypothesis", "pympler", "pytest (>=4.3.0)", "mypy (>=0.900,!=0.940)", "pytest-mypy-plugins", "cloudpickle"]

[[package]]
name = "boto3"
version = "1.24.44"
description = "The AWS SDK for Python"
category = "dev"
optional = false
python-versions = ">= 3.7"

[package.dependencies]
botocore = ">=1.27.44,<1.28.0"
jmespath = ">=0.7.1,<2.0.0"
s3transfer = ">=0.6.0,<0.7.0"

[package.extras]
crt = ["botocore[crt] (>=1.21.0,<2.0a0)"]

[[package]]
name = "botocore"
version = "1.27.44"
description = "Low-level, data-driven core of boto 3."
category = "dev"
optional = false
python-versions = ">= 3.7"

[package.dependencies]
jmespath = ">=0.7.1,<2.0.0"
python-dateutil = ">=2.1,<3.0.0"
urllib3 = ">=1.25.4,<1.27"

[package.extras]
crt = ["awscrt (==0.13.8)"]

[[package]]
name = "c7n"
version = "0.9.17"
description = "Cloud Custodian - Policy Rules Engine"
category = "dev"
optional = false
python-versions = "^3.7"
develop = true

[package.dependencies]
argcomplete = ">=1.12.3"
boto3 = "^1.12.31"
docutils = ">=0.14,<0.18"
importlib-metadata = ">=4.11.1"
jsonschema = ">=3.0.0"
python-dateutil = "^2.8.2"
pyyaml = ">=5.4.0"
tabulate = "^0.8.6"

[package.source]
type = "directory"
url = "../.."

[[package]]
name = "cachetools"
version = "5.2.0"
description = "Extensible memoizing collections and decorators"
category = "main"
optional = false
python-versions = "~=3.7"

[[package]]
name = "certifi"
version = "2022.6.15"
description = "Python package for providing Mozilla's CA Bundle."
category = "main"
optional = false
python-versions = ">=3.6"

[[package]]
name = "charset-normalizer"
version = "2.1.0"
description = "The Real First Universal Charset Detector. Open, modern and actively maintained alternative to Chardet."
category = "main"
optional = false
python-versions = ">=3.6.0"

[package.extras]
unicode_backport = ["unicodedata2"]

[[package]]
name = "colorama"
version = "0.4.5"
description = "Cross-platform colored terminal text."
category = "dev"
optional = false
python-versions = ">=2.7, !=3.0.*, !=3.1.*, !=3.2.*, !=3.3.*, !=3.4.*"

[[package]]
name = "docutils"
version = "0.17.1"
description = "Docutils -- Python Documentation Utilities"
category = "dev"
optional = false
python-versions = ">=2.7, !=3.0.*, !=3.1.*, !=3.2.*, !=3.3.*, !=3.4.*"

[[package]]
name = "google-auth"
version = "2.9.1"
description = "Google Authentication Library"
category = "main"
optional = false
python-versions = ">=2.7,!=3.0.*,!=3.1.*,!=3.2.*,!=3.3.*,!=3.4.*,!=3.5.*"

[package.dependencies]
cachetools = ">=2.0.0,<6.0"
pyasn1-modules = ">=0.2.1"
rsa = {version = ">=3.1.4,<5", markers = "python_version >= \"3.6\""}
six = ">=1.9.0"

[package.extras]
aiohttp = ["requests (>=2.20.0,<3.0.0dev)", "aiohttp (>=3.6.2,<4.0.0dev)"]
enterprise_cert = ["cryptography (==36.0.2)", "pyopenssl (==22.0.0)"]
pyopenssl = ["pyopenssl (>=20.0.0)"]
reauth = ["pyu2f (>=0.1.5)"]

[[package]]
name = "idna"
version = "3.3"
description = "Internationalized Domain Names in Applications (IDNA)"
category = "main"
optional = false
python-versions = ">=3.5"

[[package]]
name = "importlib-metadata"
version = "4.12.0"
description = "Read metadata from Python packages"
category = "dev"
optional = false
python-versions = ">=3.7"

[package.dependencies]
typing-extensions = {version = ">=3.6.4", markers = "python_version < \"3.8\""}
zipp = ">=0.5"

[package.extras]
docs = ["sphinx", "jaraco.packaging (>=9)", "rst.linker (>=1.9)"]
perf = ["ipython"]
testing = ["pytest (>=6)", "pytest-checkdocs (>=2.4)", "pytest-flake8", "pytest-cov", "pytest-enabler (>=1.3)", "packaging", "pyfakefs", "flufl.flake8", "pytest-perf (>=0.9.2)", "pytest-black (>=0.3.7)", "pytest-mypy (>=0.9.1)", "importlib-resources (>=1.3)"]

[[package]]
name = "importlib-resources"
version = "5.9.0"
description = "Read resources from Python packages"
category = "dev"
optional = false
python-versions = ">=3.7"

[package.dependencies]
zipp = {version = ">=3.1.0", markers = "python_version < \"3.10\""}

[package.extras]
docs = ["sphinx", "jaraco.packaging (>=9)", "rst.linker (>=1.9)", "jaraco.tidelift (>=1.4)"]
testing = ["pytest (>=6)", "pytest-checkdocs (>=2.4)", "pytest-flake8", "pytest-cov", "pytest-enabler (>=1.3)", "pytest-black (>=0.3.7)", "pytest-mypy (>=0.9.1)"]

[[package]]
name = "iniconfig"
version = "1.1.1"
description = "iniconfig: brain-dead simple config-ini parsing"
category = "dev"
optional = false
python-versions = "*"

[[package]]
name = "jmespath"
version = "1.0.1"
description = "JSON Matching Expressions"
category = "dev"
optional = false
python-versions = ">=3.7"

[[package]]
name = "jsonschema"
version = "4.9.0"
description = "An implementation of JSON Schema validation for Python"
category = "dev"
optional = false
python-versions = ">=3.7"

[package.dependencies]
attrs = ">=17.4.0"
importlib-metadata = {version = "*", markers = "python_version < \"3.8\""}
importlib-resources = {version = ">=1.4.0", markers = "python_version < \"3.9\""}
pkgutil-resolve-name = {version = ">=1.3.10", markers = "python_version < \"3.9\""}
pyrsistent = ">=0.14.0,<0.17.0 || >0.17.0,<0.17.1 || >0.17.1,<0.17.2 || >0.17.2"
typing-extensions = {version = "*", markers = "python_version < \"3.8\""}

[package.extras]
format = ["fqdn", "idna", "isoduration", "jsonpointer (>1.13)", "rfc3339-validator", "rfc3987", "uri-template", "webcolors (>=1.11)"]
format-nongpl = ["fqdn", "idna", "isoduration", "jsonpointer (>1.13)", "rfc3339-validator", "rfc3986-validator (>0.1.0)", "uri-template", "webcolors (>=1.11)"]

[[package]]
name = "kubernetes"
version = "10.0.1"
description = "Kubernetes python client"
category = "main"
optional = false
python-versions = "*"

[package.dependencies]
certifi = ">=14.05.14"
google-auth = ">=1.0.1"
python-dateutil = ">=2.5.3"
pyyaml = ">=3.12"
requests = "*"
requests-oauthlib = "*"
six = ">=1.9.0"
urllib3 = ">=1.24.2"
websocket-client = ">=0.32.0,<0.40.0 || >0.40.0,<0.41.0 || >=0.43.0"

[package.extras]
adal = ["adal (>=1.0.2)"]

[[package]]
name = "multidict"
version = "6.0.2"
description = "multidict implementation"
category = "dev"
optional = false
python-versions = ">=3.7"

[[package]]
name = "oauthlib"
version = "3.2.0"
description = "A generic, spec-compliant, thorough implementation of the OAuth request-signing logic"
category = "main"
optional = false
python-versions = ">=3.6"

[package.extras]
rsa = ["cryptography (>=3.0.0)"]
signals = ["blinker (>=1.4.0)"]
signedtoken = ["cryptography (>=3.0.0)", "pyjwt (>=2.0.0,<3)"]

[[package]]
name = "packaging"
version = "21.3"
description = "Core utilities for Python packages"
category = "dev"
optional = false
python-versions = ">=3.6"

[package.dependencies]
pyparsing = ">=2.0.2,<3.0.5 || >3.0.5"

[[package]]
name = "pkgutil-resolve-name"
version = "1.3.10"
description = "Resolve a name to an object."
category = "dev"
optional = false
python-versions = ">=3.6"

[[package]]
name = "pluggy"
version = "1.0.0"
description = "plugin and hook calling mechanisms for python"
category = "dev"
optional = false
python-versions = ">=3.6"

[package.dependencies]
importlib-metadata = {version = ">=0.12", markers = "python_version < \"3.8\""}

[package.extras]
testing = ["pytest-benchmark", "pytest"]
dev = ["tox", "pre-commit"]

[[package]]
name = "py"
version = "1.11.0"
description = "library with cross-python path, ini-parsing, io, code, log facilities"
category = "dev"
optional = false
python-versions = ">=2.7, !=3.0.*, !=3.1.*, !=3.2.*, !=3.3.*, !=3.4.*"

[[package]]
name = "pyasn1"
version = "0.4.8"
description = "ASN.1 types and codecs"
category = "main"
optional = false
python-versions = "*"

[[package]]
name = "pyasn1-modules"
version = "0.2.8"
description = "A collection of ASN.1-based protocols modules."
category = "main"
optional = false
python-versions = "*"

[package.dependencies]
pyasn1 = ">=0.4.6,<0.5.0"

[[package]]
name = "pyparsing"
version = "3.0.9"
description = "pyparsing module - Classes and methods to define and execute parsing grammars"
category = "dev"
optional = false
python-versions = ">=3.6.8"

[package.extras]
diagrams = ["railroad-diagrams", "jinja2"]

[[package]]
name = "pyrsistent"
version = "0.18.1"
description = "Persistent/Functional/Immutable data structures"
category = "dev"
optional = false
python-versions = ">=3.7"

[[package]]
name = "pytest"
version = "6.2.5"
description = "pytest: simple powerful testing with Python"
category = "dev"
optional = false
python-versions = ">=3.6"

[package.dependencies]
atomicwrites = {version = ">=1.0", markers = "sys_platform == \"win32\""}
attrs = ">=19.2.0"
colorama = {version = "*", markers = "sys_platform == \"win32\""}
importlib-metadata = {version = ">=0.12", markers = "python_version < \"3.8\""}
iniconfig = "*"
packaging = "*"
pluggy = ">=0.12,<2.0"
py = ">=1.8.2"
toml = "*"

[package.extras]
testing = ["argcomplete", "hypothesis (>=3.56)", "mock", "nose", "requests", "xmlschema"]

[[package]]
name = "python-dateutil"
version = "2.8.2"
description = "Extensions to the standard Python datetime module"
category = "main"
optional = false
python-versions = "!=3.0.*,!=3.1.*,!=3.2.*,>=2.7"

[package.dependencies]
six = ">=1.5"

[[package]]
name = "pyyaml"
version = "6.0"
description = "YAML parser and emitter for Python"
category = "main"
optional = false
python-versions = ">=3.6"

[[package]]
name = "requests"
version = "2.28.1"
description = "Python HTTP for Humans."
category = "main"
optional = false
python-versions = ">=3.7, <4"

[package.dependencies]
certifi = ">=2017.4.17"
charset-normalizer = ">=2,<3"
idna = ">=2.5,<4"
urllib3 = ">=1.21.1,<1.27"

[package.extras]
socks = ["PySocks (>=1.5.6,!=1.5.7)"]
use_chardet_on_py3 = ["chardet (>=3.0.2,<6)"]

[[package]]
name = "requests-oauthlib"
version = "1.3.1"
description = "OAuthlib authentication support for Requests."
category = "main"
optional = false
python-versions = ">=2.7, !=3.0.*, !=3.1.*, !=3.2.*, !=3.3.*"

[package.dependencies]
oauthlib = ">=3.0.0"
requests = ">=2.0.0"

[package.extras]
rsa = ["oauthlib[signedtoken] (>=3.0.0)"]

[[package]]
name = "rsa"
version = "4.9"
description = "Pure-Python RSA implementation"
category = "main"
optional = false
python-versions = ">=3.6,<4"

[package.dependencies]
pyasn1 = ">=0.1.3"

[[package]]
name = "s3transfer"
version = "0.6.0"
description = "An Amazon S3 Transfer Manager"
category = "dev"
optional = false
python-versions = ">= 3.7"

[package.dependencies]
botocore = ">=1.12.36,<2.0a.0"

[package.extras]
crt = ["botocore[crt] (>=1.20.29,<2.0a.0)"]

[[package]]
name = "six"
version = "1.16.0"
description = "Python 2 and 3 compatibility utilities"
category = "main"
optional = false
python-versions = ">=2.7, !=3.0.*, !=3.1.*, !=3.2.*"

[[package]]
name = "tabulate"
version = "0.8.10"
description = "Pretty-print tabular data"
category = "dev"
optional = false
python-versions = ">=2.7, !=3.0.*, !=3.1.*, !=3.2.*, !=3.3.*, !=3.4.*"

[package.extras]
widechars = ["wcwidth"]

[[package]]
name = "toml"
version = "0.10.2"
description = "Python Library for Tom's Obvious, Minimal Language"
category = "dev"
optional = false
python-versions = ">=2.6, !=3.0.*, !=3.1.*, !=3.2.*"

[[package]]
name = "typing-extensions"
version = "4.3.0"
description = "Backported and Experimental Type Hints for Python 3.7+"
category = "dev"
optional = false
python-versions = ">=3.7"

[[package]]
name = "urllib3"
version = "1.26.11"
description = "HTTP library with thread-safe connection pooling, file post, and more."
category = "main"
optional = false
python-versions = ">=2.7, !=3.0.*, !=3.1.*, !=3.2.*, !=3.3.*, !=3.4.*, !=3.5.*, <4"

[package.extras]
brotli = ["brotlicffi (>=0.8.0)", "brotli (>=1.0.9)", "brotlipy (>=0.6.0)"]
secure = ["pyOpenSSL (>=0.14)", "cryptography (>=1.3.4)", "idna (>=2.0.0)", "certifi", "ipaddress"]
socks = ["PySocks (>=1.5.6,!=1.5.7,<2.0)"]

[[package]]
name = "vcrpy"
version = "4.2.0"
description = "Automatically mock your HTTP interactions to simplify and speed up testing"
category = "dev"
optional = false
python-versions = ">=3.7"

[package.dependencies]
PyYAML = "*"
six = ">=1.5"
wrapt = "*"
yarl = "*"

[[package]]
name = "websocket-client"
version = "1.3.3"
description = "WebSocket client for Python with low level API options"
category = "main"
optional = false
python-versions = ">=3.7"

[package.extras]
docs = ["Sphinx (>=3.4)", "sphinx-rtd-theme (>=0.5)"]
optional = ["python-socks", "wsaccel"]
test = ["websockets"]

[[package]]
name = "wrapt"
version = "1.14.1"
description = "Module for decorators, wrappers and monkey patching."
category = "dev"
optional = false
python-versions = "!=3.0.*,!=3.1.*,!=3.2.*,!=3.3.*,!=3.4.*,>=2.7"

[[package]]
name = "yarl"
version = "1.8.1"
description = "Yet another URL library"
category = "dev"
optional = false
python-versions = ">=3.7"

[package.dependencies]
idna = ">=2.0"
multidict = ">=4.0"
typing-extensions = {version = ">=3.7.4", markers = "python_version < \"3.8\""}

[[package]]
name = "zipp"
version = "3.8.1"
description = "Backport of pathlib-compatible object wrapper for zip files"
category = "dev"
optional = false
python-versions = ">=3.7"

[package.extras]
docs = ["sphinx", "jaraco.packaging (>=9)", "rst.linker (>=1.9)", "jaraco.tidelift (>=1.4)"]
testing = ["pytest (>=6)", "pytest-checkdocs (>=2.4)", "pytest-flake8", "pytest-cov", "pytest-enabler (>=1.3)", "jaraco.itertools", "func-timeout", "pytest-black (>=0.3.7)", "pytest-mypy (>=0.9.1)"]

[metadata]
lock-version = "1.1"
python-versions = "^3.7"
content-hash = "0f95af39fc6dad966d357c26137d8b8868058931e3849e7013e8967fa3ac33b7"

[metadata.files]
argcomplete = []
atomicwrites = []
attrs = []
boto3 = []
botocore = []
c7n = []
cachetools = []
certifi = []
charset-normalizer = []
colorama = []
docutils = []
google-auth = []
idna = []
importlib-metadata = []
importlib-resources = []
iniconfig = []
jmespath = []
jsonschema = []
kubernetes = []
multidict = []
oauthlib = []
packaging = []
pkgutil-resolve-name = []
pluggy = []
py = []
pyasn1 = []
pyasn1-modules = []
pyparsing = []
pyrsistent = []
pytest = []
python-dateutil = []
pyyaml = []
requests = []
requests-oauthlib = []
rsa = []
s3transfer = []
six = []
tabulate = []
toml = []
typing-extensions = []
urllib3 = []
vcrpy = []
websocket-client = []
wrapt = []
yarl = []
zipp = []
